
Microsoft Visual Studio Solution File, Format Version 12.00
# Visual Studio 15
VisualStudioVersion = 15.0.26430.13
MinimumVisualStudioVersion = 10.0.40219.1
Project("{FAE04EC0-301F-11D3-BF4B-00C04F79EFBC}") = "RPI.WIoT10.ScaleSet", "RPI.WIoT10.ScaleSet\RPI.WIoT10.ScaleSet.csproj", "{0B05216E-870C-4266-A360-2FA9907CDCAC}"
EndProject
Project("{FAE04EC0-301F-11D3-BF4B-00C04F79EFBC}") = "RPI.WIoT10.FEZUtility", "..\RPI.WIoT10.MeArm\RPI.WIoT10.FEZUtility\RPI.WIoT10.FEZUtility.csproj", "{8A4EE553-EDA0-4527-B2F9-8E31F3EC100E}"
EndProject
Project("{FAE04EC0-301F-11D3-BF4B-00C04F79EFBC}") = "Devices.Hardware", "..\UWP.Devices\Devices.Hardware\Devices.Hardware.csproj", "{9E055181-2CC7-4D82-8081-65EB99B6EEE9}"
EndProject
Project("{FAE04EC0-301F-11D3-BF4B-00C04F79EFBC}") = "Devices.Util", "..\UWP.Devices\Devices.Util\Devices.Util.csproj", "{E0B70271-C5F3-4BEB-B30E-45536A296387}"
EndProject
Global
	GlobalSection(SolutionConfigurationPlatforms) = preSolution
		Debug|Any CPU = Debug|Any CPU
		Debug|ARM = Debug|ARM
		Debug|x64 = Debug|x64
		Debug|x86 = Debug|x86
		Release|Any CPU = Release|Any CPU
		Release|ARM = Release|ARM
		Release|x64 = Release|x64
		Release|x86 = Release|x86
	EndGlobalSection
	GlobalSection(ProjectConfigurationPlatforms) = postSolution
		{0B05216E-870C-4266-A360-2FA9907CDCAC}.Debug|Any CPU.ActiveCfg = Debug|x86
		{0B05216E-870C-4266-A360-2FA9907CDCAC}.Debug|ARM.ActiveCfg = Debug|ARM
		{0B05216E-870C-4266-A360-2FA9907CDCAC}.Debug|ARM.Build.0 = Debug|ARM
		{0B05216E-870C-4266-A360-2FA9907CDCAC}.Debug|ARM.Deploy.0 = Debug|ARM
		{0B05216E-870C-4266-A360-2FA9907CDCAC}.Debug|x64.ActiveCfg = Debug|x64
		{0B05216E-870C-4266-A360-2FA9907CDCAC}.Debug|x64.Build.0 = Debug|x64
		{0B05216E-870C-4266-A360-2FA9907CDCAC}.Debug|x64.Deploy.0 = Debug|x64
		{0B05216E-870C-4266-A360-2FA9907CDCAC}.Debug|x86.ActiveCfg = Debug|x86
		{0B05216E-870C-4266-A360-2FA9907CDCAC}.Debug|x86.Build.0 = Debug|x86
		{0B05216E-870C-4266-A360-2FA9907CDCAC}.Debug|x86.Deploy.0 = Debug|x86
		{0B05216E-870C-4266-A360-2FA9907CDCAC}.Release|Any CPU.ActiveCfg = Release|x86
		{0B05216E-870C-4266-A360-2FA9907CDCAC}.Release|ARM.ActiveCfg = Release|ARM
		{0B05216E-870C-4266-A360-2FA9907CDCAC}.Release|ARM.Build.0 = Release|ARM
		{0B05216E-870C-4266-A360-2FA9907CDCAC}.Release|ARM.Deploy.0 = Release|ARM
		{0B05216E-870C-4266-A360-2FA9907CDCAC}.Release|x64.ActiveCfg = Release|x64
		{0B05216E-870C-4266-A360-2FA9907CDCAC}.Release|x64.Build.0 = Release|x64
		{0B05216E-870C-4266-A360-2FA9907CDCAC}.Release|x64.Deploy.0 = Release|x64
		{0B05216E-870C-4266-A360-2FA9907CDCAC}.Release|x86.ActiveCfg = Release|x86
		{0B05216E-870C-4266-A360-2FA9907CDCAC}.Release|x86.Build.0 = Release|x86
		{0B05216E-870C-4266-A360-2FA9907CDCAC}.Release|x86.Deploy.0 = Release|x86
		{8A4EE553-EDA0-4527-B2F9-8E31F3EC100E}.Debug|Any CPU.ActiveCfg = Debug|Any CPU
		{8A4EE553-EDA0-4527-B2F9-8E31F3EC100E}.Debug|Any CPU.Build.0 = Debug|Any CPU
		{8A4EE553-EDA0-4527-B2F9-8E31F3EC100E}.Debug|ARM.ActiveCfg = Debug|ARM
		{8A4EE553-EDA0-4527-B2F9-8E31F3EC100E}.Debug|ARM.Build.0 = Debug|ARM
		{8A4EE553-EDA0-4527-B2F9-8E31F3EC100E}.Debug|x64.ActiveCfg = Debug|x64
		{8A4EE553-EDA0-4527-B2F9-8E31F3EC100E}.Debug|x64.Build.0 = Debug|x64
		{8A4EE553-EDA0-4527-B2F9-8E31F3EC100E}.Debug|x86.ActiveCfg = Debug|x86
		{8A4EE553-EDA0-4527-B2F9-8E31F3EC100E}.Debug|x86.Build.0 = Debug|x86
		{8A4EE553-EDA0-4527-B2F9-8E31F3EC100E}.Release|Any CPU.ActiveCfg = Release|Any CPU
		{8A4EE553-EDA0-4527-B2F9-8E31F3EC100E}.Release|Any CPU.Build.0 = Release|Any CPU
		{8A4EE553-EDA0-4527-B2F9-8E31F3EC100E}.Release|ARM.ActiveCfg = Release|ARM
		{8A4EE553-EDA0-4527-B2F9-8E31F3EC100E}.Release|ARM.Build.0 = Release|ARM
		{8A4EE553-EDA0-4527-B2F9-8E31F3EC100E}.Release|x64.ActiveCfg = Release|x64
		{8A4EE553-EDA0-4527-B2F9-8E31F3EC100E}.Release|x64.Build.0 = Release|x64
		{8A4EE553-EDA0-4527-B2F9-8E31F3EC100E}.Release|x86.ActiveCfg = Release|x86
		{8A4EE553-EDA0-4527-B2F9-8E31F3EC100E}.Release|x86.Build.0 = Release|x86
		{9E055181-2CC7-4D82-8081-65EB99B6EEE9}.Debug|Any CPU.ActiveCfg = Debug|Any CPU
		{9E055181-2CC7-4D82-8081-65EB99B6EEE9}.Debug|Any CPU.Build.0 = Debug|Any CPU
		{9E055181-2CC7-4D82-8081-65EB99B6EEE9}.Debug|ARM.ActiveCfg = Debug|ARM
		{9E055181-2CC7-4D82-8081-65EB99B6EEE9}.Debug|ARM.Build.0 = Debug|ARM
		{9E055181-2CC7-4D82-8081-65EB99B6EEE9}.Debug|x64.ActiveCfg = Debug|x64
		{9E055181-2CC7-4D82-8081-65EB99B6EEE9}.Debug|x64.Build.0 = Debug|x64
		{9E055181-2CC7-4D82-8081-65EB99B6EEE9}.Debug|x86.ActiveCfg = Debug|x86
		{9E055181-2CC7-4D82-8081-65EB99B6EEE9}.Debug|x86.Build.0 = Debug|x86
		{9E055181-2CC7-4D82-8081-65EB99B6EEE9}.Release|Any CPU.ActiveCfg = Release|Any CPU
		{9E055181-2CC7-4D82-8081-65EB99B6EEE9}.Release|Any CPU.Build.0 = Release|Any CPU
		{9E055181-2CC7-4D82-8081-65EB99B6EEE9}.Release|ARM.ActiveCfg = Release|ARM
		{9E055181-2CC7-4D82-8081-65EB99B6EEE9}.Release|ARM.Build.0 = Release|ARM
		{9E055181-2CC7-4D82-8081-65EB99B6EEE9}.Release|x64.ActiveCfg = Release|x64
		{9E055181-2CC7-4D82-8081-65EB99B6EEE9}.Release|x64.Build.0 = Release|x64
		{9E055181-2CC7-4D82-8081-65EB99B6EEE9}.Release|x86.ActiveCfg = Release|x86
		{9E055181-2CC7-4D82-8081-65EB99B6EEE9}.Release|x86.Build.0 = Release|x86
		{E0B70271-C5F3-4BEB-B30E-45536A296387}.Debug|Any CPU.ActiveCfg = Debug|Any CPU
		{E0B70271-C5F3-4BEB-B30E-45536A296387}.Debug|Any CPU.Build.0 = Debug|Any CPU
		{E0B70271-C5F3-4BEB-B30E-45536A296387}.Debug|ARM.ActiveCfg = Debug|ARM
		{E0B70271-C5F3-4BEB-B30E-45536A296387}.Debug|ARM.Build.0 = Debug|ARM
		{E0B70271-C5F3-4BEB-B30E-45536A296387}.Debug|x64.ActiveCfg = Debug|x64
		{E0B70271-C5F3-4BEB-B30E-45536A296387}.Debug|x64.Build.0 = Debug|x64
		{E0B70271-C5F3-4BEB-B30E-45536A296387}.Debug|x86.ActiveCfg = Debug|x86
		{E0B70271-C5F3-4BEB-B30E-45536A296387}.Debug|x86.Build.0 = Debug|x86
		{E0B70271-C5F3-4BEB-B30E-45536A296387}.Release|Any CPU.ActiveCfg = Release|Any CPU
		{E0B70271-C5F3-4BEB-B30E-45536A296387}.Release|Any CPU.Build.0 = Release|Any CPU
		{E0B70271-C5F3-4BEB-B30E-45536A296387}.Release|ARM.ActiveCfg = Release|ARM
		{E0B70271-C5F3-4BEB-B30E-45536A296387}.Release|ARM.Build.0 = Release|ARM
		{E0B70271-C5F3-4BEB-B30E-45536A296387}.Release|x64.ActiveCfg = Release|x64
		{E0B70271-C5F3-4BEB-B30E-45536A296387}.Release|x64.Build.0 = Release|x64
		{E0B70271-C5F3-4BEB-B30E-45536A296387}.Release|x86.ActiveCfg = Release|x86
		{E0B70271-C5F3-4BEB-B30E-45536A296387}.Release|x86.Build.0 = Release|x86
	EndGlobalSection
	GlobalSection(SolutionProperties) = preSolution
		HideSolutionNode = FALSE
	EndGlobalSection
EndGlobal
